// !$*UTF8*$!
{
	archiveVersion = 1;
	classes = {
	};
	objectVersion = 48;
	objects = {

/* Begin PBXBuildFile section */
		4177B44722C4EC81005E9962 /* AppDelegate.swift in Sources */ = {isa = PBXBuildFile; fileRef = 4177B44622C4EC81005E9962 /* AppDelegate.swift */; };
		4177B44922C4EC81005E9962 /* ViewController.swift in Sources */ = {isa = PBXBuildFile; fileRef = 4177B44822C4EC81005E9962 /* ViewController.swift */; };
		4177B44C22C4EC81005E9962 /* Main.storyboard in Resources */ = {isa = PBXBuildFile; fileRef = 4177B44A22C4EC81005E9962 /* Main.storyboard */; };
		4177B44E22C4EC81005E9962 /* Assets.xcassets in Resources */ = {isa = PBXBuildFile; fileRef = 4177B44D22C4EC81005E9962 /* Assets.xcassets */; };
		4177B45122C4EC81005E9962 /* LaunchScreen.storyboard in Resources */ = {isa = PBXBuildFile; fileRef = 4177B44F22C4EC81005E9962 /* LaunchScreen.storyboard */; };
		4177B45922C511C5005E9962 /* CommentsViewController.swift in Sources */ = {isa = PBXBuildFile; fileRef = 4177B45822C511C5005E9962 /* CommentsViewController.swift */; };
		4177B45B22C52963005E9962 /* Network.swift in Sources */ = {isa = PBXBuildFile; fileRef = 4177B45A22C52963005E9962 /* Network.swift */; };
		4177B45E22C52A3F005E9962 /* Comment.swift in Sources */ = {isa = PBXBuildFile; fileRef = 4177B45D22C52A3F005E9962 /* Comment.swift */; };
		4177B46222C5373D005E9962 /* CommentCell.swift in Sources */ = {isa = PBXBuildFile; fileRef = 4177B46022C5373D005E9962 /* CommentCell.swift */; };
		4177B46322C5373D005E9962 /* CommentCell.xib in Resources */ = {isa = PBXBuildFile; fileRef = 4177B46122C5373D005E9962 /* CommentCell.xib */; };
/* End PBXBuildFile section */

/* Begin PBXFileReference section */
		4177B44322C4EC81005E9962 /* TestTask.app */ = {isa = PBXFileReference; explicitFileType = wrapper.application; includeInIndex = 0; path = TestTask.app; sourceTree = BUILT_PRODUCTS_DIR; };
		4177B44622C4EC81005E9962 /* AppDelegate.swift */ = {isa = PBXFileReference; lastKnownFileType = sourcecode.swift; path = AppDelegate.swift; sourceTree = "<group>"; };
		4177B44822C4EC81005E9962 /* ViewController.swift */ = {isa = PBXFileReference; lastKnownFileType = sourcecode.swift; path = ViewController.swift; sourceTree = "<group>"; };
		4177B44B22C4EC81005E9962 /* Base */ = {isa = PBXFileReference; lastKnownFileType = file.storyboard; name = Base; path = Base.lproj/Main.storyboard; sourceTree = "<group>"; };
		4177B44D22C4EC81005E9962 /* Assets.xcassets */ = {isa = PBXFileReference; lastKnownFileType = folder.assetcatalog; path = Assets.xcassets; sourceTree = "<group>"; };
		4177B45022C4EC81005E9962 /* Base */ = {isa = PBXFileReference; lastKnownFileType = file.storyboard; name = Base; path = Base.lproj/LaunchScreen.storyboard; sourceTree = "<group>"; };
		4177B45222C4EC81005E9962 /* Info.plist */ = {isa = PBXFileReference; lastKnownFileType = text.plist.xml; path = Info.plist; sourceTree = "<group>"; };
		4177B45822C511C5005E9962 /* CommentsViewController.swift */ = {isa = PBXFileReference; lastKnownFileType = sourcecode.swift; path = CommentsViewController.swift; sourceTree = "<group>"; };
		4177B45A22C52963005E9962 /* Network.swift */ = {isa = PBXFileReference; lastKnownFileType = sourcecode.swift; path = Network.swift; sourceTree = "<group>"; };
		4177B45D22C52A3F005E9962 /* Comment.swift */ = {isa = PBXFileReference; lastKnownFileType = sourcecode.swift; path = Comment.swift; sourceTree = "<group>"; };
		4177B46022C5373D005E9962 /* CommentCell.swift */ = {isa = PBXFileReference; lastKnownFileType = sourcecode.swift; path = CommentCell.swift; sourceTree = "<group>"; };
		4177B46122C5373D005E9962 /* CommentCell.xib */ = {isa = PBXFileReference; lastKnownFileType = file.xib; path = CommentCell.xib; sourceTree = "<group>"; };
/* End PBXFileReference section */

/* Begin PBXFrameworksBuildPhase section */
		4177B44022C4EC81005E9962 /* Frameworks */ = {
			isa = PBXFrameworksBuildPhase;
			buildActionMask = 2147483647;
			files = (
			);
			runOnlyForDeploymentPostprocessing = 0;
		};
/* End PBXFrameworksBuildPhase section */

/* Begin PBXGroup section */
		4177B43A22C4EC81005E9962 = {
			isa = PBXGroup;
			children = (
				4177B44522C4EC81005E9962 /* TestTask */,
				4177B44422C4EC81005E9962 /* Products */,
			);
			sourceTree = "<group>";
		};
		4177B44422C4EC81005E9962 /* Products */ = {
			isa = PBXGroup;
			children = (
				4177B44322C4EC81005E9962 /* TestTask.app */,
			);
			name = Products;
			sourceTree = "<group>";
		};
		4177B44522C4EC81005E9962 /* TestTask */ = {
			isa = PBXGroup;
			children = (
				4177B44622C4EC81005E9962 /* AppDelegate.swift */,
				4177B44822C4EC81005E9962 /* ViewController.swift */,
				4177B45F22C5371E005E9962 /* Table */,
				4177B45A22C52963005E9962 /* Network.swift */,
				4177B45C22C529F6005E9962 /* Model */,
				4177B44A22C4EC81005E9962 /* Main.storyboard */,
				4177B44D22C4EC81005E9962 /* Assets.xcassets */,
				4177B44F22C4EC81005E9962 /* LaunchScreen.storyboard */,
				4177B45222C4EC81005E9962 /* Info.plist */,
			);
			path = TestTask;
			sourceTree = "<group>";
		};
		4177B45C22C529F6005E9962 /* Model */ = {
			isa = PBXGroup;
			children = (
				4177B45D22C52A3F005E9962 /* Comment.swift */,
			);
			path = Model;
			sourceTree = "<group>";
		};
		4177B45F22C5371E005E9962 /* Table */ = {
			isa = PBXGroup;
			children = (
				4177B45822C511C5005E9962 /* CommentsViewController.swift */,
				4177B46022C5373D005E9962 /* CommentCell.swift */,
				4177B46122C5373D005E9962 /* CommentCell.xib */,
			);
			path = Table;
			sourceTree = "<group>";
		};
/* End PBXGroup section */

/* Begin PBXNativeTarget section */
		4177B44222C4EC81005E9962 /* TestTask */ = {
			isa = PBXNativeTarget;
			buildConfigurationList = 4177B45522C4EC81005E9962 /* Build configuration list for PBXNativeTarget "TestTask" */;
			buildPhases = (
				4177B43F22C4EC81005E9962 /* Sources */,
				4177B44022C4EC81005E9962 /* Frameworks */,
				4177B44122C4EC81005E9962 /* Resources */,
			);
			buildRules = (
			);
			dependencies = (
			);
			name = TestTask;
			productName = TestTask;
			productReference = 4177B44322C4EC81005E9962 /* TestTask.app */;
			productType = "com.apple.product-type.application";
		};
/* End PBXNativeTarget section */

/* Begin PBXProject section */
		4177B43B22C4EC81005E9962 /* Project object */ = {
			isa = PBXProject;
			attributes = {
				LastSwiftUpdateCheck = 0920;
				LastUpgradeCheck = 0920;
				ORGANIZATIONNAME = "Артем Шпилька";
				TargetAttributes = {
					4177B44222C4EC81005E9962 = {
						CreatedOnToolsVersion = 9.2;
						ProvisioningStyle = Automatic;
					};
				};
			};
			buildConfigurationList = 4177B43E22C4EC81005E9962 /* Build configuration list for PBXProject "TestTask" */;
			compatibilityVersion = "Xcode 8.0";
			developmentRegion = en;
			hasScannedForEncodings = 0;
			knownRegions = (
				en,
				Base,
			);
			mainGroup = 4177B43A22C4EC81005E9962;
			productRefGroup = 4177B44422C4EC81005E9962 /* Products */;
			projectDirPath = "";
			projectRoot = "";
			targets = (
				4177B44222C4EC81005E9962 /* TestTask */,
			);
		};
/* End PBXProject section */

/* Begin PBXResourcesBuildPhase section */
		4177B44122C4EC81005E9962 /* Resources */ = {
			isa = PBXResourcesBuildPhase;
			buildActionMask = 2147483647;
			files = (
				4177B45122C4EC81005E9962 /* LaunchScreen.storyboard in Resources */,
				4177B44E22C4EC81005E9962 /* Assets.xcassets in Resources */,
				4177B44C22C4EC81005E9962 /* Main.storyboard in Resources */,
				4177B46322C5373D005E9962 /* CommentCell.xib in Resources */,
			);
			runOnlyForDeploymentPostprocessing = 0;
		};
/* End PBXResourcesBuildPhase section */

/* Begin PBXSourcesBuildPhase section */
		4177B43F22C4EC81005E9962 /* Sources */ = {
			isa = PBXSourcesBuildPhase;
			buildActionMask = 2147483647;
			files = (
				4177B45E22C52A3F005E9962 /* Comment.swift in Sources */,
				4177B44922C4EC81005E9962 /* ViewController.swift in Sources */,
				4177B44722C4EC81005E9962 /* AppDelegate.swift in Sources */,
				4177B45B22C52963005E9962 /* Network.swift in Sources */,
				4177B45922C511C5005E9962 /* CommentsViewController.swift in Sources */,
				4177B46222C5373D005E9962 /* CommentCell.swift in Sources */,
			);
			runOnlyForDeploymentPostprocessing = 0;
		};
/* End PBXSourcesBuildPhase section */

/* Begin PBXVariantGroup section */
		4177B44A22C4EC81005E9962 /* Main.storyboard */ = {
			isa = PBXVariantGroup;
			children = (
				4177B44B22C4EC81005E9962 /* Base */,
			);
			name = Main.storyboard;
			sourceTree = "<group>";
		};
		4177B44F22C4EC81005E9962 /* LaunchScreen.storyboard */ = {
			isa = PBXVariantGroup;
			children = (
				4177B45022C4EC81005E9962 /* Base */,
			);
			name = LaunchScreen.storyboard;
			sourceTree = "<group>";
		};
/* End PBXVariantGroup section */

/* Begin XCBuildConfiguration section */
		4177B45322C4EC81005E9962 /* Debug */ = {
			isa = XCBuildConfiguration;
			buildSettings = {
				ALWAYS_SEARCH_USER_PATHS = NO;
				CLANG_ANALYZER_NONNULL = YES;
				CLANG_ANALYZER_NUMBER_OBJECT_CONVERSION = YES_AGGRESSIVE;
				CLANG_CXX_LANGUAGE_STANDARD = "gnu++14";
				CLANG_CXX_LIBRARY = "libc++";
				CLANG_ENABLE_MODULES = YES;
				CLANG_ENABLE_OBJC_ARC = YES;
				CLANG_WARN_BLOCK_CAPTURE_AUTORELEASING = YES;
				CLANG_WARN_BOOL_CONVERSION = YES;
				CLANG_WARN_COMMA = YES;
				CLANG_WARN_CONSTANT_CONVERSION = YES;
				CLANG_WARN_DIRECT_OBJC_ISA_USAGE = YES_ERROR;
				CLANG_WARN_DOCUMENTATION_COMMENTS = YES;
				CLANG_WARN_EMPTY_BODY = YES;
				CLANG_WARN_ENUM_CONVERSION = YES;
				CLANG_WARN_INFINITE_RECURSION = YES;
				CLANG_WARN_INT_CONVERSION = YES;
				CLANG_WARN_NON_LITERAL_NULL_CONVERSION = YES;
				CLANG_WARN_OBJC_LITERAL_CONVERSION = YES;
				CLANG_WARN_OBJC_ROOT_CLASS = YES_ERROR;
				CLANG_WARN_RANGE_LOOP_ANALYSIS = YES;
				CLANG_WARN_STRICT_PROTOTYPES = YES;
				CLANG_WARN_SUSPICIOUS_MOVE = YES;
				CLANG_WARN_UNGUARDED_AVAILABILITY = YES_AGGRESSIVE;
				CLANG_WARN_UNREACHABLE_CODE = YES;
				CLANG_WARN__DUPLICATE_METHOD_MATCH = YES;
				CODE_SIGN_IDENTITY = "iPhone Developer";
				COPY_PHASE_STRIP = NO;
				DEBUG_INFORMATION_FORMAT = dwarf;
				ENABLE_STRICT_OBJC_MSGSEND = YES;
				ENABLE_TESTABILITY = YES;
				GCC_C_LANGUAGE_STANDARD = gnu11;
				GCC_DYNAMIC_NO_PIC = NO;
				GCC_NO_COMMON_BLOCKS = YES;
				GCC_OPTIMIZATION_LEVEL = 0;
				GCC_PREPROCESSOR_DEFINITIONS = (
					"DEBUG=1",
					"$(inherited)",
				);
				GCC_WARN_64_TO_32_BIT_CONVERSION = YES;
				GCC_WARN_ABOUT_RETURN_TYPE = YES_ERROR;
				GCC_WARN_UNDECLARED_SELECTOR = YES;
				GCC_WARN_UNINITIALIZED_AUTOS = YES_AGGRESSIVE;
				GCC_WARN_UNUSED_FUNCTION = YES;
				GCC_WARN_UNUSED_VARIABLE = YES;
				IPHONEOS_DEPLOYMENT_TARGET = 11.2;
				MTL_ENABLE_DEBUG_INFO = YES;
				ONLY_ACTIVE_ARCH = YES;
				SDKROOT = iphoneos;
				SWIFT_ACTIVE_COMPILATION_CONDITIONS = DEBUG;
				SWIFT_OPTIMIZATION_LEVEL = "-Onone";
			};
			name = Debug;
		};
		4177B45422C4EC81005E9962 /* Release */ = {
			isa = XCBuildConfiguration;
			buildSettings = {
				ALWAYS_SEARCH_USER_PATHS = NO;
				CLANG_ANALYZER_NONNULL = YES;
				CLANG_ANALYZER_NUMBER_OBJECT_CONVERSION = YES_AGGRESSIVE;
				CLANG_CXX_LANGUAGE_STANDARD = "gnu++14";
				CLANG_CXX_LIBRARY = "libc++";
				CLANG_ENABLE_MODULES = YES;
				CLANG_ENABLE_OBJC_ARC = YES;
				CLANG_WARN_BLOCK_CAPTURE_AUTORELEASING = YES;
				CLANG_WARN_BOOL_CONVERSION = YES;
				CLANG_WARN_COMMA = YES;
				CLANG_WARN_CONSTANT_CONVERSION = YES;
				CLANG_WARN_DIRECT_OBJC_ISA_USAGE = YES_ERROR;
				CLANG_WARN_DOCUMENTATION_COMMENTS = YES;
				CLANG_WARN_EMPTY_BODY = YES;
				CLANG_WARN_ENUM_CONVERSION = YES;
				CLANG_WARN_INFINITE_RECURSION = YES;
				CLANG_WARN_INT_CONVERSION = YES;
				CLANG_WARN_NON_LITERAL_NULL_CONVERSION = YES;
				CLANG_WARN_OBJC_LITERAL_CONVERSION = YES;
				CLANG_WARN_OBJC_ROOT_CLASS = YES_ERROR;
				CLANG_WARN_RANGE_LOOP_ANALYSIS = YES;
				CLANG_WARN_STRICT_PROTOTYPES = YES;
				CLANG_WARN_SUSPICIOUS_MOVE = YES;
				CLANG_WARN_UNGUARDED_AVAILABILITY = YES_AGGRESSIVE;
				CLANG_WARN_UNREACHABLE_CODE = YES;
				CLANG_WARN__DUPLICATE_METHOD_MATCH = YES;
				CODE_SIGN_IDENTITY = "iPhone Developer";
				COPY_PHASE_STRIP = NO;
				DEBUG_INFORMATION_FORMAT = "dwarf-with-dsym";
				ENABLE_NS_ASSERTIONS = NO;
				ENABLE_STRICT_OBJC_MSGSEND = YES;
				GCC_C_LANGUAGE_STANDARD = gnu11;
				GCC_NO_COMMON_BLOCKS = YES;
				GCC_WARN_64_TO_32_BIT_CONVERSION = YES;
				GCC_WARN_ABOUT_RETURN_TYPE = YES_ERROR;
				GCC_WARN_UNDECLARED_SELECTOR = YES;
				GCC_WARN_UNINITIALIZED_AUTOS = YES_AGGRESSIVE;
				GCC_WARN_UNUSED_FUNCTION = YES;
				GCC_WARN_UNUSED_VARIABLE = YES;
				IPHONEOS_DEPLOYMENT_TARGET = 11.2;
				MTL_ENABLE_DEBUG_INFO = NO;
				SDKROOT = iphoneos;
				SWIFT_OPTIMIZATION_LEVEL = "-Owholemodule";
				VALIDATE_PRODUCT = YES;
			};
			name = Release;
		};
		4177B45622C4EC81005E9962 /* Debug */ = {
			isa = XCBuildConfiguration;
			buildSettings = {
				ASSETCATALOG_COMPILER_APPICON_NAME = AppIcon;
				CODE_SIGN_STYLE = Automatic;
				DEVELOPMENT_TEAM = M837Z66HVA;
				INFOPLIST_FILE = TestTask/Info.plist;
				LD_RUNPATH_SEARCH_PATHS = "$(inherited) @executable_path/Frameworks";
				PRODUCT_BUNDLE_IDENTIFIER = com.artemshpilka.TestTask;
				PRODUCT_NAME = "$(TARGET_NAME)";
				SWIFT_VERSION = 4.0;
				TARGETED_DEVICE_FAMILY = "1,2";
			};
			name = Debug;
		};
		4177B45722C4EC81005E9962 /* Release */ = {
			isa = XCBuildConfiguration;
			buildSettings = {
				ASSETCATALOG_COMPILER_APPICON_NAME = AppIcon;
				CODE_SIGN_STYLE = Automatic;
				DEVELOPMENT_TEAM = M837Z66HVA;
				INFOPLIST_FILE = TestTask/Info.plist;
				LD_RUNPATH_SEARCH_PATHS = "$(inherited) @executable_path/Frameworks";
				PRODUCT_BUNDLE_IDENTIFIER = com.artemshpilka.TestTask;
				PRODUCT_NAME = "$(TARGET_NAME)";
				SWIFT_VERSION = 4.0;
				TARGETED_DEVICE_FAMILY = "1,2";
			};
			name = Release;
		};
/* End XCBuildConfiguration section */

/* Begin XCConfigurationList section */
		4177B43E22C4EC81005E9962 /* Build configuration list for PBXProject "TestTask" */ = {
			isa = XCConfigurationList;
			buildConfigurations = (
				4177B45322C4EC81005E9962 /* Debug */,
				4177B45422C4EC81005E9962 /* Release */,
			);
			defaultConfigurationIsVisible = 0;
			defaultConfigurationName = Release;
		};
		4177B45522C4EC81005E9962 /* Build configuration list for PBXNativeTarget "TestTask" */ = {
			isa = XCConfigurationList;
			buildConfigurations = (
				4177B45622C4EC81005E9962 /* Debug */,
				4177B45722C4EC81005E9962 /* Release */,
			);
			defaultConfigurationIsVisible = 0;
			defaultConfigurationName = Release;
		};
/* End XCConfigurationList section */
	};
	rootObject = 4177B43B22C4EC81005E9962 /* Project object */;
}
